
Microsoft Visual Studio Solution File, Format Version 12.00
# Visual Studio Version 17
VisualStudioVersion = 17.8.34525.116
MinimumVisualStudioVersion = 10.0.40219.1
Project("{9A19103F-16F7-4668-BE54-9A1E7A4F7556}") = "TodoList", "TodoList\TodoList.csproj", "{1972C861-A67E-4C17-9BDD-E24A4B1DB615}"
EndProject
Project("{9A19103F-16F7-4668-BE54-9A1E7A4F7556}") = "Calculator", "Calculator\Calculator.csproj", "{E45F3E07-0571-4F14-A8EB-EF1796397765}"
EndProject
Project("{FAE04EC0-301F-11D3-BF4B-00C04F79EFBC}") = "DiceRollGame", "DiceRollGame\DiceRollGame.csproj", "{84DEB7D2-D201-4ECF-83B8-AE5072100588}"
EndProject
Project("{FAE04EC0-301F-11D3-BF4B-00C04F79EFBC}") = "CookieCookbook", "CookiesCookbook\CookieCookbook.csproj", "{0894650D-C443-4751-9875-BB05510048DE}"
EndProject
Global
	GlobalSection(SolutionConfigurationPlatforms) = preSolution
		Debug|Any CPU = Debug|Any CPU
		Release|Any CPU = Release|Any CPU
	EndGlobalSection
	GlobalSection(ProjectConfigurationPlatforms) = postSolution
		{1972C861-A67E-4C17-9BDD-E24A4B1DB615}.Debug|Any CPU.ActiveCfg = Debug|Any CPU
		{1972C861-A67E-4C17-9BDD-E24A4B1DB615}.Debug|Any CPU.Build.0 = Debug|Any CPU
		{1972C861-A67E-4C17-9BDD-E24A4B1DB615}.Release|Any CPU.ActiveCfg = Release|Any CPU
		{1972C861-A67E-4C17-9BDD-E24A4B1DB615}.Release|Any CPU.Build.0 = Release|Any CPU
		{E45F3E07-0571-4F14-A8EB-EF1796397765}.Debug|Any CPU.ActiveCfg = Debug|Any CPU
		{E45F3E07-0571-4F14-A8EB-EF1796397765}.Debug|Any CPU.Build.0 = Debug|Any CPU
		{E45F3E07-0571-4F14-A8EB-EF1796397765}.Release|Any CPU.ActiveCfg = Release|Any CPU
		{E45F3E07-0571-4F14-A8EB-EF1796397765}.Release|Any CPU.Build.0 = Release|Any CPU
		{84DEB7D2-D201-4ECF-83B8-AE5072100588}.Debug|Any CPU.ActiveCfg = Debug|Any CPU
		{84DEB7D2-D201-4ECF-83B8-AE5072100588}.Debug|Any CPU.Build.0 = Debug|Any CPU
		{84DEB7D2-D201-4ECF-83B8-AE5072100588}.Release|Any CPU.ActiveCfg = Release|Any CPU
		{84DEB7D2-D201-4ECF-83B8-AE5072100588}.Release|Any CPU.Build.0 = Release|Any CPU
		{0894650D-C443-4751-9875-BB05510048DE}.Debug|Any CPU.ActiveCfg = Debug|Any CPU
		{0894650D-C443-4751-9875-BB05510048DE}.Debug|Any CPU.Build.0 = Debug|Any CPU
		{0894650D-C443-4751-9875-BB05510048DE}.Release|Any CPU.ActiveCfg = Release|Any CPU
		{0894650D-C443-4751-9875-BB05510048DE}.Release|Any CPU.Build.0 = Release|Any CPU
	EndGlobalSection
	GlobalSection(SolutionProperties) = preSolution
		HideSolutionNode = FALSE
	EndGlobalSection
	GlobalSection(ExtensibilityGlobals) = postSolution
		SolutionGuid = {AB36F684-EAE2-4979-8481-D532E73B98BE}
	EndGlobalSection
EndGlobal
